
Microsoft Visual Studio Solution File, Format Version 12.00
# Visual Studio 15
VisualStudioVersion = 15.0.28307.421
MinimumVisualStudioVersion = 10.0.40219.1
Project("{8BC9CEB8-8B4A-11D0-8D11-00A0C91BC942}") = "inheritance", "inheritance\inheritance.vcxproj", "{57001D3D-85C9-44A5-BCB7-B6D227DFA856}"
EndProject
Global
	GlobalSection(SolutionConfigurationPlatforms) = preSolution
		Debug|x64 = Debug|x64
		Debug|x86 = Debug|x86
		Release|x64 = Release|x64
		Release|x86 = Release|x86
	EndGlobalSection
	GlobalSection(ProjectConfigurationPlatforms) = postSolution
		{57001D3D-85C9-44A5-BCB7-B6D227DFA856}.Debug|x64.ActiveCfg = Debug|x64
		{57001D3D-85C9-44A5-BCB7-B6D227DFA856}.Debug|x64.Build.0 = Debug|x64
		{57001D3D-85C9-44A5-BCB7-B6D227DFA856}.Debug|x86.ActiveCfg = Debug|Win32
		{57001D3D-85C9-44A5-BCB7-B6D227DFA856}.Debug|x86.Build.0 = Debug|Win32
		{57001D3D-85C9-44A5-BCB7-B6D227DFA856}.Release|x64.ActiveCfg = Release|x64
		{57001D3D-85C9-44A5-BCB7-B6D227DFA856}.Release|x64.Build.0 = Release|x64
		{57001D3D-85C9-44A5-BCB7-B6D227DFA856}.Release|x86.ActiveCfg = Release|Win32
		{57001D3D-85C9-44A5-BCB7-B6D227DFA856}.Release|x86.Build.0 = Release|Win32
	EndGlobalSection
	GlobalSection(SolutionProperties) = preSolution
		HideSolutionNode = FALSE
	EndGlobalSection
	GlobalSection(ExtensibilityGlobals) = postSolution
		SolutionGuid = {3B89BA78-E071-4183-B012-AD06A06A582E}
	EndGlobalSection
EndGlobal
